
Microsoft Visual Studio Solution File, Format Version 12.00
Project("{FAE04EC0-301F-11D3-BF4B-00C04F79EFBC}") = "CashFlux.Web", "CashFlux.Web\CashFlux.Web.csproj", "{4430D594-719A-49D7-99D7-0FE404C53F1C}"
EndProject
Project("{FAE04EC0-301F-11D3-BF4B-00C04F79EFBC}") = "CashFlux.Data", "CashFlux.Data\CashFlux.Data.csproj", "{4C40356F-7720-4BB5-A123-E8273B7EAC58}"
EndProject
Global
	GlobalSection(SolutionConfigurationPlatforms) = preSolution
		Debug|Any CPU = Debug|Any CPU
		Release|Any CPU = Release|Any CPU
	EndGlobalSection
	GlobalSection(ProjectConfigurationPlatforms) = postSolution
		{4430D594-719A-49D7-99D7-0FE404C53F1C}.Debug|Any CPU.ActiveCfg = Debug|Any CPU
		{4430D594-719A-49D7-99D7-0FE404C53F1C}.Debug|Any CPU.Build.0 = Debug|Any CPU
		{4430D594-719A-49D7-99D7-0FE404C53F1C}.Release|Any CPU.ActiveCfg = Release|Any CPU
		{4430D594-719A-49D7-99D7-0FE404C53F1C}.Release|Any CPU.Build.0 = Release|Any CPU
		{4C40356F-7720-4BB5-A123-E8273B7EAC58}.Debug|Any CPU.ActiveCfg = Debug|Any CPU
		{4C40356F-7720-4BB5-A123-E8273B7EAC58}.Debug|Any CPU.Build.0 = Debug|Any CPU
		{4C40356F-7720-4BB5-A123-E8273B7EAC58}.Release|Any CPU.ActiveCfg = Release|Any CPU
		{4C40356F-7720-4BB5-A123-E8273B7EAC58}.Release|Any CPU.Build.0 = Release|Any CPU
	EndGlobalSection
EndGlobal
